
Microsoft Visual Studio Solution File, Format Version 12.00
# Visual Studio Version 17
VisualStudioVersion = 17.6.33829.357
MinimumVisualStudioVersion = 10.0.40219.1
Project("{FAE04EC0-301F-11D3-BF4B-00C04F79EFBC}") = "WebApplication1", "WebApplication1.csproj", "{B5959BC1-FC4E-4978-A613-84C63AD03C63}"
EndProject
Global
	GlobalSection(SolutionConfigurationPlatforms) = preSolution
		Debug|Any CPU = Debug|Any CPU
		Release|Any CPU = Release|Any CPU
	EndGlobalSection
	GlobalSection(ProjectConfigurationPlatforms) = postSolution
		{B5959BC1-FC4E-4978-A613-84C63AD03C63}.Debug|Any CPU.ActiveCfg = Debug|Any CPU
		{B5959BC1-FC4E-4978-A613-84C63AD03C63}.Debug|Any CPU.Build.0 = Debug|Any CPU
		{B5959BC1-FC4E-4978-A613-84C63AD03C63}.Release|Any CPU.ActiveCfg = Release|Any CPU
		{B5959BC1-FC4E-4978-A613-84C63AD03C63}.Release|Any CPU.Build.0 = Release|Any CPU
	EndGlobalSection
	GlobalSection(SolutionProperties) = preSolution
		HideSolutionNode = FALSE
	EndGlobalSection
	GlobalSection(ExtensibilityGlobals) = postSolution
		SolutionGuid = {EC7636B2-90A4-4254-92D0-1180C35F95FD}
	EndGlobalSection
EndGlobal
